{
  "name": "Nodak-FE",
  "lockfileVersion": 3,
  "requires": true,
  "packages": {
    "": {
      "dependencies": {
        "pnpm": "^9.0.1"
      }
    },
    "node_modules/pnpm": {
      "version": "9.0.1",
      "resolved": "https://registry.npmjs.org/pnpm/-/pnpm-9.0.1.tgz",
      "integrity": "sha512-+QSxM9aZQVsNmX7j8Fommv+9sCz2sif6A9hUg6jz387QuRYKfUd9wFGrZ6+L5EcFuf3xXyrjO8g7dohlKftLHQ==",
      "bin": {
        "pnpm": "bin/pnpm.cjs",
        "pnpx": "bin/pnpx.cjs"
      },
      "engines": {
        "node": ">=18.12"
      },
      "funding": {
        "url": "https://opencollective.com/pnpm"
      }
    }
  }
}
